
Microsoft Visual Studio Solution File, Format Version 12.00
# Visual Studio Version 17
VisualStudioVersion = 17.9.34723.18
MinimumVisualStudioVersion = 10.0.40219.1
Project("{9A19103F-16F7-4668-BE54-9A1E7A4F7556}") = "SERTEKNIKAPP", "SERTEKNIKAPP\SERTEKNIKAPP.csproj", "{AC1514E5-F871-4A4F-B831-B13F92278C19}"
EndProject
Project("{2150E333-8FDC-42A3-9474-1A3956D46DE8}") = "Common", "Common", "{BBBC86E5-CFE7-466E-BDB1-F82F01CC7731}"
EndProject
Project("{9A19103F-16F7-4668-BE54-9A1E7A4F7556}") = "SERTEKNIKAPP.COMMON", "SERTEKNIKAPP.COMMON\SERTEKNIKAPP.COMMON.csproj", "{B9247843-31A4-4433-AAF4-2896DD8F656C}"
EndProject
Project("{FAE04EC0-301F-11D3-BF4B-00C04F79EFBC}") = "Domain", "Domain\Domain.csproj", "{BF8C0A26-DA4D-4315-BE40-95F56F50A70A}"
EndProject
Project("{FAE04EC0-301F-11D3-BF4B-00C04F79EFBC}") = "Application", "Application\Application.csproj", "{201A71AA-A096-4944-87CF-08FFD3E1D436}"
EndProject
Project("{FAE04EC0-301F-11D3-BF4B-00C04F79EFBC}") = "Persistence", "Persistence\Persistence.csproj", "{E49FE81F-E183-48E8-B913-35EE96DE5379}"
EndProject
Project("{FAE04EC0-301F-11D3-BF4B-00C04F79EFBC}") = "Infrastructure", "Infrastructure\Infrastructure.csproj", "{E7A0451A-58A3-49DE-9135-6383828BCD0C}"
EndProject
Global
	GlobalSection(SolutionConfigurationPlatforms) = preSolution
		Debug|Any CPU = Debug|Any CPU
		Release|Any CPU = Release|Any CPU
	EndGlobalSection
	GlobalSection(ProjectConfigurationPlatforms) = postSolution
		{AC1514E5-F871-4A4F-B831-B13F92278C19}.Debug|Any CPU.ActiveCfg = Debug|Any CPU
		{AC1514E5-F871-4A4F-B831-B13F92278C19}.Debug|Any CPU.Build.0 = Debug|Any CPU
		{AC1514E5-F871-4A4F-B831-B13F92278C19}.Release|Any CPU.ActiveCfg = Release|Any CPU
		{AC1514E5-F871-4A4F-B831-B13F92278C19}.Release|Any CPU.Build.0 = Release|Any CPU
		{B9247843-31A4-4433-AAF4-2896DD8F656C}.Debug|Any CPU.ActiveCfg = Debug|Any CPU
		{B9247843-31A4-4433-AAF4-2896DD8F656C}.Debug|Any CPU.Build.0 = Debug|Any CPU
		{B9247843-31A4-4433-AAF4-2896DD8F656C}.Release|Any CPU.ActiveCfg = Release|Any CPU
		{B9247843-31A4-4433-AAF4-2896DD8F656C}.Release|Any CPU.Build.0 = Release|Any CPU
		{BF8C0A26-DA4D-4315-BE40-95F56F50A70A}.Debug|Any CPU.ActiveCfg = Debug|Any CPU
		{BF8C0A26-DA4D-4315-BE40-95F56F50A70A}.Debug|Any CPU.Build.0 = Debug|Any CPU
		{BF8C0A26-DA4D-4315-BE40-95F56F50A70A}.Release|Any CPU.ActiveCfg = Release|Any CPU
		{BF8C0A26-DA4D-4315-BE40-95F56F50A70A}.Release|Any CPU.Build.0 = Release|Any CPU
		{201A71AA-A096-4944-87CF-08FFD3E1D436}.Debug|Any CPU.ActiveCfg = Debug|Any CPU
		{201A71AA-A096-4944-87CF-08FFD3E1D436}.Debug|Any CPU.Build.0 = Debug|Any CPU
		{201A71AA-A096-4944-87CF-08FFD3E1D436}.Release|Any CPU.ActiveCfg = Release|Any CPU
		{201A71AA-A096-4944-87CF-08FFD3E1D436}.Release|Any CPU.Build.0 = Release|Any CPU
		{E49FE81F-E183-48E8-B913-35EE96DE5379}.Debug|Any CPU.ActiveCfg = Debug|Any CPU
		{E49FE81F-E183-48E8-B913-35EE96DE5379}.Debug|Any CPU.Build.0 = Debug|Any CPU
		{E49FE81F-E183-48E8-B913-35EE96DE5379}.Release|Any CPU.ActiveCfg = Release|Any CPU
		{E49FE81F-E183-48E8-B913-35EE96DE5379}.Release|Any CPU.Build.0 = Release|Any CPU
		{E7A0451A-58A3-49DE-9135-6383828BCD0C}.Debug|Any CPU.ActiveCfg = Debug|Any CPU
		{E7A0451A-58A3-49DE-9135-6383828BCD0C}.Debug|Any CPU.Build.0 = Debug|Any CPU
		{E7A0451A-58A3-49DE-9135-6383828BCD0C}.Release|Any CPU.ActiveCfg = Release|Any CPU
		{E7A0451A-58A3-49DE-9135-6383828BCD0C}.Release|Any CPU.Build.0 = Release|Any CPU
	EndGlobalSection
	GlobalSection(SolutionProperties) = preSolution
		HideSolutionNode = FALSE
	EndGlobalSection
	GlobalSection(NestedProjects) = preSolution
		{B9247843-31A4-4433-AAF4-2896DD8F656C} = {BBBC86E5-CFE7-466E-BDB1-F82F01CC7731}
	EndGlobalSection
	GlobalSection(ExtensibilityGlobals) = postSolution
		SolutionGuid = {A97AA0E5-3F79-4990-929F-AD631A9E5DCF}
	EndGlobalSection
EndGlobal
